
Microsoft Visual Studio Solution File, Format Version 12.00
# Visual Studio 15
VisualStudioVersion = 15.0.28307.168
MinimumVisualStudioVersion = 10.0.40219.1
Project("{FAE04EC0-301F-11D3-BF4B-00C04F79EFBC}") = "EmployeePayrollSystem", "EmployeePayrollSystem\EmployeePayrollSystem.csproj", "{6A9F8353-D112-46F9-A28F-D5D1C45C2D50}"
EndProject
Global
	GlobalSection(SolutionConfigurationPlatforms) = preSolution
		Debug|Any CPU = Debug|Any CPU
		Release|Any CPU = Release|Any CPU
	EndGlobalSection
	GlobalSection(ProjectConfigurationPlatforms) = postSolution
		{6A9F8353-D112-46F9-A28F-D5D1C45C2D50}.Debug|Any CPU.ActiveCfg = Debug|Any CPU
		{6A9F8353-D112-46F9-A28F-D5D1C45C2D50}.Debug|Any CPU.Build.0 = Debug|Any CPU
		{6A9F8353-D112-46F9-A28F-D5D1C45C2D50}.Release|Any CPU.ActiveCfg = Release|Any CPU
		{6A9F8353-D112-46F9-A28F-D5D1C45C2D50}.Release|Any CPU.Build.0 = Release|Any CPU
	EndGlobalSection
	GlobalSection(SolutionProperties) = preSolution
		HideSolutionNode = FALSE
	EndGlobalSection
	GlobalSection(ExtensibilityGlobals) = postSolution
		SolutionGuid = {87F3958B-2966-441F-B499-3544161F1441}
	EndGlobalSection
EndGlobal
